
Microsoft Visual Studio Solution File, Format Version 12.00
# Visual Studio Version 17
VisualStudioVersion = 17.11.34929.205
MinimumVisualStudioVersion = 10.0.40219.1
Project("{FAE04EC0-301F-11D3-BF4B-00C04F79EFBC}") = "DAL", "DAL\DAL.csproj", "{2239B965-D001-4831-9291-C13AB93B5594}"
EndProject
Project("{FAE04EC0-301F-11D3-BF4B-00C04F79EFBC}") = "BAL", "BAL\BAL.csproj", "{9E571583-E332-4EBD-ABB1-6DB925F165B1}"
EndProject
Project("{FAE04EC0-301F-11D3-BF4B-00C04F79EFBC}") = "Presentation_Layer", "Presentation_Layer\Presentation_Layer.csproj", "{F7FB7CD2-27CC-4866-8D27-74F925639BBA}"
EndProject
Global
	GlobalSection(SolutionConfigurationPlatforms) = preSolution
		Debug|Any CPU = Debug|Any CPU
		Release|Any CPU = Release|Any CPU
	EndGlobalSection
	GlobalSection(ProjectConfigurationPlatforms) = postSolution
		{2239B965-D001-4831-9291-C13AB93B5594}.Debug|Any CPU.ActiveCfg = Debug|Any CPU
		{2239B965-D001-4831-9291-C13AB93B5594}.Debug|Any CPU.Build.0 = Debug|Any CPU
		{2239B965-D001-4831-9291-C13AB93B5594}.Release|Any CPU.ActiveCfg = Release|Any CPU
		{2239B965-D001-4831-9291-C13AB93B5594}.Release|Any CPU.Build.0 = Release|Any CPU
		{9E571583-E332-4EBD-ABB1-6DB925F165B1}.Debug|Any CPU.ActiveCfg = Debug|Any CPU
		{9E571583-E332-4EBD-ABB1-6DB925F165B1}.Debug|Any CPU.Build.0 = Debug|Any CPU
		{9E571583-E332-4EBD-ABB1-6DB925F165B1}.Release|Any CPU.ActiveCfg = Release|Any CPU
		{9E571583-E332-4EBD-ABB1-6DB925F165B1}.Release|Any CPU.Build.0 = Release|Any CPU
		{F7FB7CD2-27CC-4866-8D27-74F925639BBA}.Debug|Any CPU.ActiveCfg = Debug|Any CPU
		{F7FB7CD2-27CC-4866-8D27-74F925639BBA}.Debug|Any CPU.Build.0 = Debug|Any CPU
		{F7FB7CD2-27CC-4866-8D27-74F925639BBA}.Release|Any CPU.ActiveCfg = Release|Any CPU
		{F7FB7CD2-27CC-4866-8D27-74F925639BBA}.Release|Any CPU.Build.0 = Release|Any CPU
	EndGlobalSection
	GlobalSection(SolutionProperties) = preSolution
		HideSolutionNode = FALSE
	EndGlobalSection
	GlobalSection(ExtensibilityGlobals) = postSolution
		SolutionGuid = {A4065655-CA03-42F9-9CB0-0EA733E77BC6}
	EndGlobalSection
EndGlobal
